
Microsoft Visual Studio Solution File, Format Version 12.00
# Visual Studio Version 17
VisualStudioVersion = 17.1.32210.238
MinimumVisualStudioVersion = 10.0.40219.1
Project("{2150E333-8FDC-42A3-9474-1A3956D46DE8}") = "src", "src", "{054BD4CD-982F-4577-883B-07E433435E9F}"
EndProject
Project("{2150E333-8FDC-42A3-9474-1A3956D46DE8}") = "corePackages", "corePackages", "{7AF809B5-34D3-4938-A938-17515D8A8CAE}"
EndProject
Project("{2150E333-8FDC-42A3-9474-1A3956D46DE8}") = "vehicleTracking", "vehicleTracking", "{3D703EDC-436A-4D10-91BD-87934D122214}"
EndProject
Project("{9A19103F-16F7-4668-BE54-9A1E7A4F7556}") = "Application", "src\vehicleTracking\Application\Application.csproj", "{326477D4-A1EE-4EEB-96BB-8156A2B2FF5A}"
EndProject
Project("{9A19103F-16F7-4668-BE54-9A1E7A4F7556}") = "Domain", "src\vehicleTracking\Domain\Domain.csproj", "{1BED9AFD-45A2-445A-B093-644C66A57E33}"
EndProject
Project("{9A19103F-16F7-4668-BE54-9A1E7A4F7556}") = "Persistence", "src\vehicleTracking\Persistence\Persistence.csproj", "{52430E20-5C6D-46B8-B374-9DB68492A0B3}"
EndProject
Project("{FAE04EC0-301F-11D3-BF4B-00C04F79EFBC}") = "WebAPI", "src\vehicleTracking\WebAPI\WebAPI.csproj", "{5A890592-8D5A-40EA-A36F-3043FAC3E6BF}"
EndProject
Project("{FAE04EC0-301F-11D3-BF4B-00C04F79EFBC}") = "Core.Application", "src\corePackages\Core.Application\Core.Application.csproj", "{7AA4FB19-5417-4FB2-975E-499079057E2F}"
EndProject
Project("{FAE04EC0-301F-11D3-BF4B-00C04F79EFBC}") = "Core.Persistence", "src\corePackages\Core.Persistence\Core.Persistence.csproj", "{B9ED54DF-7A5D-4C58-8522-2B097CF0BAD8}"
EndProject
Project("{FAE04EC0-301F-11D3-BF4B-00C04F79EFBC}") = "Core.CrossCuttingConcerns", "src\corePackages\Core.CrossCuttingConcerns\Core.CrossCuttingConcerns.csproj", "{4E4FED85-8304-4E48-93E9-D3A24340F190}"
EndProject
Project("{FAE04EC0-301F-11D3-BF4B-00C04F79EFBC}") = "Core.Security", "src\corePackages\Core.Security\Core.Security.csproj", "{D8D3431F-C7F7-4F4E-B396-EA1AEEE9961C}"
EndProject
Project("{FAE04EC0-301F-11D3-BF4B-00C04F79EFBC}") = "Core.MessageBroker", "src\corePackages\Core.MessageBroker\Core.MessageBroker.csproj", "{6381D44E-A53E-4E01-8BBE-B96106C069B5}"
EndProject
Global
	GlobalSection(SolutionConfigurationPlatforms) = preSolution
		Debug|Any CPU = Debug|Any CPU
		Release|Any CPU = Release|Any CPU
	EndGlobalSection
	GlobalSection(ProjectConfigurationPlatforms) = postSolution
		{326477D4-A1EE-4EEB-96BB-8156A2B2FF5A}.Debug|Any CPU.ActiveCfg = Debug|Any CPU
		{326477D4-A1EE-4EEB-96BB-8156A2B2FF5A}.Debug|Any CPU.Build.0 = Debug|Any CPU
		{326477D4-A1EE-4EEB-96BB-8156A2B2FF5A}.Release|Any CPU.ActiveCfg = Release|Any CPU
		{326477D4-A1EE-4EEB-96BB-8156A2B2FF5A}.Release|Any CPU.Build.0 = Release|Any CPU
		{1BED9AFD-45A2-445A-B093-644C66A57E33}.Debug|Any CPU.ActiveCfg = Debug|Any CPU
		{1BED9AFD-45A2-445A-B093-644C66A57E33}.Debug|Any CPU.Build.0 = Debug|Any CPU
		{1BED9AFD-45A2-445A-B093-644C66A57E33}.Release|Any CPU.ActiveCfg = Release|Any CPU
		{1BED9AFD-45A2-445A-B093-644C66A57E33}.Release|Any CPU.Build.0 = Release|Any CPU
		{52430E20-5C6D-46B8-B374-9DB68492A0B3}.Debug|Any CPU.ActiveCfg = Debug|Any CPU
		{52430E20-5C6D-46B8-B374-9DB68492A0B3}.Debug|Any CPU.Build.0 = Debug|Any CPU
		{52430E20-5C6D-46B8-B374-9DB68492A0B3}.Release|Any CPU.ActiveCfg = Release|Any CPU
		{52430E20-5C6D-46B8-B374-9DB68492A0B3}.Release|Any CPU.Build.0 = Release|Any CPU
		{5A890592-8D5A-40EA-A36F-3043FAC3E6BF}.Debug|Any CPU.ActiveCfg = Debug|Any CPU
		{5A890592-8D5A-40EA-A36F-3043FAC3E6BF}.Debug|Any CPU.Build.0 = Debug|Any CPU
		{5A890592-8D5A-40EA-A36F-3043FAC3E6BF}.Release|Any CPU.ActiveCfg = Release|Any CPU
		{5A890592-8D5A-40EA-A36F-3043FAC3E6BF}.Release|Any CPU.Build.0 = Release|Any CPU
		{7AA4FB19-5417-4FB2-975E-499079057E2F}.Debug|Any CPU.ActiveCfg = Debug|Any CPU
		{7AA4FB19-5417-4FB2-975E-499079057E2F}.Debug|Any CPU.Build.0 = Debug|Any CPU
		{7AA4FB19-5417-4FB2-975E-499079057E2F}.Release|Any CPU.ActiveCfg = Release|Any CPU
		{7AA4FB19-5417-4FB2-975E-499079057E2F}.Release|Any CPU.Build.0 = Release|Any CPU
		{B9ED54DF-7A5D-4C58-8522-2B097CF0BAD8}.Debug|Any CPU.ActiveCfg = Debug|Any CPU
		{B9ED54DF-7A5D-4C58-8522-2B097CF0BAD8}.Debug|Any CPU.Build.0 = Debug|Any CPU
		{B9ED54DF-7A5D-4C58-8522-2B097CF0BAD8}.Release|Any CPU.ActiveCfg = Release|Any CPU
		{B9ED54DF-7A5D-4C58-8522-2B097CF0BAD8}.Release|Any CPU.Build.0 = Release|Any CPU
		{4E4FED85-8304-4E48-93E9-D3A24340F190}.Debug|Any CPU.ActiveCfg = Debug|Any CPU
		{4E4FED85-8304-4E48-93E9-D3A24340F190}.Debug|Any CPU.Build.0 = Debug|Any CPU
		{4E4FED85-8304-4E48-93E9-D3A24340F190}.Release|Any CPU.ActiveCfg = Release|Any CPU
		{4E4FED85-8304-4E48-93E9-D3A24340F190}.Release|Any CPU.Build.0 = Release|Any CPU
		{D8D3431F-C7F7-4F4E-B396-EA1AEEE9961C}.Debug|Any CPU.ActiveCfg = Debug|Any CPU
		{D8D3431F-C7F7-4F4E-B396-EA1AEEE9961C}.Debug|Any CPU.Build.0 = Debug|Any CPU
		{D8D3431F-C7F7-4F4E-B396-EA1AEEE9961C}.Release|Any CPU.ActiveCfg = Release|Any CPU
		{D8D3431F-C7F7-4F4E-B396-EA1AEEE9961C}.Release|Any CPU.Build.0 = Release|Any CPU
		{6381D44E-A53E-4E01-8BBE-B96106C069B5}.Debug|Any CPU.ActiveCfg = Debug|Any CPU
		{6381D44E-A53E-4E01-8BBE-B96106C069B5}.Debug|Any CPU.Build.0 = Debug|Any CPU
		{6381D44E-A53E-4E01-8BBE-B96106C069B5}.Release|Any CPU.ActiveCfg = Release|Any CPU
		{6381D44E-A53E-4E01-8BBE-B96106C069B5}.Release|Any CPU.Build.0 = Release|Any CPU
	EndGlobalSection
	GlobalSection(SolutionProperties) = preSolution
		HideSolutionNode = FALSE
	EndGlobalSection
	GlobalSection(NestedProjects) = preSolution
		{7AF809B5-34D3-4938-A938-17515D8A8CAE} = {054BD4CD-982F-4577-883B-07E433435E9F}
		{3D703EDC-436A-4D10-91BD-87934D122214} = {054BD4CD-982F-4577-883B-07E433435E9F}
		{326477D4-A1EE-4EEB-96BB-8156A2B2FF5A} = {3D703EDC-436A-4D10-91BD-87934D122214}
		{1BED9AFD-45A2-445A-B093-644C66A57E33} = {3D703EDC-436A-4D10-91BD-87934D122214}
		{52430E20-5C6D-46B8-B374-9DB68492A0B3} = {3D703EDC-436A-4D10-91BD-87934D122214}
		{5A890592-8D5A-40EA-A36F-3043FAC3E6BF} = {3D703EDC-436A-4D10-91BD-87934D122214}
		{7AA4FB19-5417-4FB2-975E-499079057E2F} = {7AF809B5-34D3-4938-A938-17515D8A8CAE}
		{B9ED54DF-7A5D-4C58-8522-2B097CF0BAD8} = {7AF809B5-34D3-4938-A938-17515D8A8CAE}
		{4E4FED85-8304-4E48-93E9-D3A24340F190} = {7AF809B5-34D3-4938-A938-17515D8A8CAE}
		{D8D3431F-C7F7-4F4E-B396-EA1AEEE9961C} = {7AF809B5-34D3-4938-A938-17515D8A8CAE}
		{6381D44E-A53E-4E01-8BBE-B96106C069B5} = {7AF809B5-34D3-4938-A938-17515D8A8CAE}
	EndGlobalSection
	GlobalSection(ExtensibilityGlobals) = postSolution
		SolutionGuid = {AEB130B7-8899-4BA4-B797-B64E34A5DE86}
	EndGlobalSection
EndGlobal
